// !$*UTF8*$!
{
	archiveVersion = 1;
	classes = {
	};
	objectVersion = 50;
	objects = {

/* Begin PBXBuildFile section */
		9F4F1DC7243F7884001968F4 /* MetalCamera.framework in Frameworks */ = {isa = PBXBuildFile; fileRef = 9F4F1DBD243F7883001968F4 /* MetalCamera.framework */; };
		9F4F1DCC243F7884001968F4 /* MetalCameraTests.swift in Sources */ = {isa = PBXBuildFile; fileRef = 9F4F1DCB243F7884001968F4 /* MetalCameraTests.swift */; };
		9F4F1DCE243F7884001968F4 /* MetalCamera.h in Headers */ = {isa = PBXBuildFile; fileRef = 9F4F1DC0243F7883001968F4 /* MetalCamera.h */; settings = {ATTRIBUTES = (Public, ); }; };
		9F8BDF48243FA1F700C51D3B /* AppDelegate.swift in Sources */ = {isa = PBXBuildFile; fileRef = 9F8BDF47243FA1F700C51D3B /* AppDelegate.swift */; };
		9F8BDF4A243FA1F700C51D3B /* SceneDelegate.swift in Sources */ = {isa = PBXBuildFile; fileRef = 9F8BDF49243FA1F700C51D3B /* SceneDelegate.swift */; };
		9F8BDF4C243FA1F700C51D3B /* ViewController.swift in Sources */ = {isa = PBXBuildFile; fileRef = 9F8BDF4B243FA1F700C51D3B /* ViewController.swift */; };
		9F8BDF4F243FA1F700C51D3B /* Main.storyboard in Resources */ = {isa = PBXBuildFile; fileRef = 9F8BDF4D243FA1F700C51D3B /* Main.storyboard */; };
		9F8BDF51243FA1F800C51D3B /* Assets.xcassets in Resources */ = {isa = PBXBuildFile; fileRef = 9F8BDF50243FA1F800C51D3B /* Assets.xcassets */; };
		9F8BDF54243FA1F800C51D3B /* LaunchScreen.storyboard in Resources */ = {isa = PBXBuildFile; fileRef = 9F8BDF52243FA1F800C51D3B /* LaunchScreen.storyboard */; };
		9F8BDF5A243FA21000C51D3B /* MetalCamera.framework in Frameworks */ = {isa = PBXBuildFile; fileRef = 9F4F1DBD243F7883001968F4 /* MetalCamera.framework */; };
		9F8BDF5B243FA21000C51D3B /* MetalCamera.framework in Embed Frameworks */ = {isa = PBXBuildFile; fileRef = 9F4F1DBD243F7883001968F4 /* MetalCamera.framework */; settings = {ATTRIBUTES = (CodeSignOnCopy, RemoveHeadersOnCopy, ); }; };
		9F8BDF60243FA23D00C51D3B /* MetalCamera.swift in Sources */ = {isa = PBXBuildFile; fileRef = 9F8BDF5F243FA23D00C51D3B /* MetalCamera.swift */; };
/* End PBXBuildFile section */

/* Begin PBXContainerItemProxy section */
		9F4F1DC8243F7884001968F4 /* PBXContainerItemProxy */ = {
			isa = PBXContainerItemProxy;
			containerPortal = 9F4F1DB4243F7883001968F4 /* Project object */;
			proxyType = 1;
			remoteGlobalIDString = 9F4F1DBC243F7883001968F4;
			remoteInfo = MetalCamera;
		};
		9F8BDF5C243FA21000C51D3B /* PBXContainerItemProxy */ = {
			isa = PBXContainerItemProxy;
			containerPortal = 9F4F1DB4243F7883001968F4 /* Project object */;
			proxyType = 1;
			remoteGlobalIDString = 9F4F1DBC243F7883001968F4;
			remoteInfo = MetalCamera;
		};
/* End PBXContainerItemProxy section */

/* Begin PBXCopyFilesBuildPhase section */
		9F8BDF5E243FA21000C51D3B /* Embed Frameworks */ = {
			isa = PBXCopyFilesBuildPhase;
			buildActionMask = 2147483647;
			dstPath = "";
			dstSubfolderSpec = 10;
			files = (
				9F8BDF5B243FA21000C51D3B /* MetalCamera.framework in Embed Frameworks */,
			);
			name = "Embed Frameworks";
			runOnlyForDeploymentPostprocessing = 0;
		};
/* End PBXCopyFilesBuildPhase section */

/* Begin PBXFileReference section */
		9F4F1DBD243F7883001968F4 /* MetalCamera.framework */ = {isa = PBXFileReference; explicitFileType = wrapper.framework; includeInIndex = 0; path = MetalCamera.framework; sourceTree = BUILT_PRODUCTS_DIR; };
		9F4F1DC0243F7883001968F4 /* MetalCamera.h */ = {isa = PBXFileReference; lastKnownFileType = sourcecode.c.h; path = MetalCamera.h; sourceTree = "<group>"; };
		9F4F1DC1243F7883001968F4 /* Info.plist */ = {isa = PBXFileReference; lastKnownFileType = text.plist.xml; path = Info.plist; sourceTree = "<group>"; };
		9F4F1DC6243F7884001968F4 /* MetalCameraTests.xctest */ = {isa = PBXFileReference; explicitFileType = wrapper.cfbundle; includeInIndex = 0; path = MetalCameraTests.xctest; sourceTree = BUILT_PRODUCTS_DIR; };
		9F4F1DCB243F7884001968F4 /* MetalCameraTests.swift */ = {isa = PBXFileReference; lastKnownFileType = sourcecode.swift; path = MetalCameraTests.swift; sourceTree = "<group>"; };
		9F4F1DCD243F7884001968F4 /* Info.plist */ = {isa = PBXFileReference; lastKnownFileType = text.plist.xml; path = Info.plist; sourceTree = "<group>"; };
		9F8BDF45243FA1F700C51D3B /* Example.app */ = {isa = PBXFileReference; explicitFileType = wrapper.application; includeInIndex = 0; path = Example.app; sourceTree = BUILT_PRODUCTS_DIR; };
		9F8BDF47243FA1F700C51D3B /* AppDelegate.swift */ = {isa = PBXFileReference; lastKnownFileType = sourcecode.swift; path = AppDelegate.swift; sourceTree = "<group>"; };
		9F8BDF49243FA1F700C51D3B /* SceneDelegate.swift */ = {isa = PBXFileReference; lastKnownFileType = sourcecode.swift; path = SceneDelegate.swift; sourceTree = "<group>"; };
		9F8BDF4B243FA1F700C51D3B /* ViewController.swift */ = {isa = PBXFileReference; lastKnownFileType = sourcecode.swift; path = ViewController.swift; sourceTree = "<group>"; };
		9F8BDF4E243FA1F700C51D3B /* Base */ = {isa = PBXFileReference; lastKnownFileType = file.storyboard; name = Base; path = Base.lproj/Main.storyboard; sourceTree = "<group>"; };
		9F8BDF50243FA1F800C51D3B /* Assets.xcassets */ = {isa = PBXFileReference; lastKnownFileType = folder.assetcatalog; path = Assets.xcassets; sourceTree = "<group>"; };
		9F8BDF53243FA1F800C51D3B /* Base */ = {isa = PBXFileReference; lastKnownFileType = file.storyboard; name = Base; path = Base.lproj/LaunchScreen.storyboard; sourceTree = "<group>"; };
		9F8BDF55243FA1F800C51D3B /* Info.plist */ = {isa = PBXFileReference; lastKnownFileType = text.plist.xml; path = Info.plist; sourceTree = "<group>"; };
		9F8BDF5F243FA23D00C51D3B /* MetalCamera.swift */ = {isa = PBXFileReference; lastKnownFileType = sourcecode.swift; path = MetalCamera.swift; sourceTree = "<group>"; };
/* End PBXFileReference section */

/* Begin PBXFrameworksBuildPhase section */
		9F4F1DBA243F7883001968F4 /* Frameworks */ = {
			isa = PBXFrameworksBuildPhase;
			buildActionMask = 2147483647;
			files = (
			);
			runOnlyForDeploymentPostprocessing = 0;
		};
		9F4F1DC3243F7884001968F4 /* Frameworks */ = {
			isa = PBXFrameworksBuildPhase;
			buildActionMask = 2147483647;
			files = (
				9F4F1DC7243F7884001968F4 /* MetalCamera.framework in Frameworks */,
			);
			runOnlyForDeploymentPostprocessing = 0;
		};
		9F8BDF42243FA1F700C51D3B /* Frameworks */ = {
			isa = PBXFrameworksBuildPhase;
			buildActionMask = 2147483647;
			files = (
				9F8BDF5A243FA21000C51D3B /* MetalCamera.framework in Frameworks */,
			);
			runOnlyForDeploymentPostprocessing = 0;
		};
/* End PBXFrameworksBuildPhase section */

/* Begin PBXGroup section */
		9F4F1DB3243F7883001968F4 = {
			isa = PBXGroup;
			children = (
				9F4F1DBF243F7883001968F4 /* MetalCamera */,
				9F4F1DCA243F7884001968F4 /* MetalCameraTests */,
				9F8BDF46243FA1F700C51D3B /* Example */,
				9F4F1DBE243F7883001968F4 /* Products */,
				9F8BDF59243FA21000C51D3B /* Frameworks */,
			);
			sourceTree = "<group>";
		};
		9F4F1DBE243F7883001968F4 /* Products */ = {
			isa = PBXGroup;
			children = (
				9F4F1DBD243F7883001968F4 /* MetalCamera.framework */,
				9F4F1DC6243F7884001968F4 /* MetalCameraTests.xctest */,
				9F8BDF45243FA1F700C51D3B /* Example.app */,
			);
			name = Products;
			sourceTree = "<group>";
		};
		9F4F1DBF243F7883001968F4 /* MetalCamera */ = {
			isa = PBXGroup;
			children = (
				9F4F1DC0243F7883001968F4 /* MetalCamera.h */,
				9F4F1DC1243F7883001968F4 /* Info.plist */,
				9F8BDF5F243FA23D00C51D3B /* MetalCamera.swift */,
			);
			path = MetalCamera;
			sourceTree = "<group>";
		};
		9F4F1DCA243F7884001968F4 /* MetalCameraTests */ = {
			isa = PBXGroup;
			children = (
				9F4F1DCB243F7884001968F4 /* MetalCameraTests.swift */,
				9F4F1DCD243F7884001968F4 /* Info.plist */,
			);
			path = MetalCameraTests;
			sourceTree = "<group>";
		};
		9F8BDF46243FA1F700C51D3B /* Example */ = {
			isa = PBXGroup;
			children = (
				9F8BDF47243FA1F700C51D3B /* AppDelegate.swift */,
				9F8BDF49243FA1F700C51D3B /* SceneDelegate.swift */,
				9F8BDF4B243FA1F700C51D3B /* ViewController.swift */,
				9F8BDF4D243FA1F700C51D3B /* Main.storyboard */,
				9F8BDF50243FA1F800C51D3B /* Assets.xcassets */,
				9F8BDF52243FA1F800C51D3B /* LaunchScreen.storyboard */,
				9F8BDF55243FA1F800C51D3B /* Info.plist */,
			);
			path = Example;
			sourceTree = "<group>";
		};
		9F8BDF59243FA21000C51D3B /* Frameworks */ = {
			isa = PBXGroup;
			children = (
			);
			name = Frameworks;
			sourceTree = "<group>";
		};
/* End PBXGroup section */

/* Begin PBXHeadersBuildPhase section */
		9F4F1DB8243F7883001968F4 /* Headers */ = {
			isa = PBXHeadersBuildPhase;
			buildActionMask = 2147483647;
			files = (
				9F4F1DCE243F7884001968F4 /* MetalCamera.h in Headers */,
			);
			runOnlyForDeploymentPostprocessing = 0;
		};
/* End PBXHeadersBuildPhase section */

/* Begin PBXNativeTarget section */
		9F4F1DBC243F7883001968F4 /* MetalCamera */ = {
			isa = PBXNativeTarget;
			buildConfigurationList = 9F4F1DD1243F7884001968F4 /* Build configuration list for PBXNativeTarget "MetalCamera" */;
			buildPhases = (
				9F4F1DB8243F7883001968F4 /* Headers */,
				9F4F1DB9243F7883001968F4 /* Sources */,
				9F4F1DBA243F7883001968F4 /* Frameworks */,
				9F4F1DBB243F7883001968F4 /* Resources */,
			);
			buildRules = (
			);
			dependencies = (
			);
			name = MetalCamera;
			productName = MetalCamera;
			productReference = 9F4F1DBD243F7883001968F4 /* MetalCamera.framework */;
			productType = "com.apple.product-type.framework";
		};
		9F4F1DC5243F7884001968F4 /* MetalCameraTests */ = {
			isa = PBXNativeTarget;
			buildConfigurationList = 9F4F1DD4243F7884001968F4 /* Build configuration list for PBXNativeTarget "MetalCameraTests" */;
			buildPhases = (
				9F4F1DC2243F7884001968F4 /* Sources */,
				9F4F1DC3243F7884001968F4 /* Frameworks */,
				9F4F1DC4243F7884001968F4 /* Resources */,
			);
			buildRules = (
			);
			dependencies = (
				9F4F1DC9243F7884001968F4 /* PBXTargetDependency */,
			);
			name = MetalCameraTests;
			productName = MetalCameraTests;
			productReference = 9F4F1DC6243F7884001968F4 /* MetalCameraTests.xctest */;
			productType = "com.apple.product-type.bundle.unit-test";
		};
		9F8BDF44243FA1F700C51D3B /* Example */ = {
			isa = PBXNativeTarget;
			buildConfigurationList = 9F8BDF58243FA1F800C51D3B /* Build configuration list for PBXNativeTarget "Example" */;
			buildPhases = (
				9F8BDF41243FA1F700C51D3B /* Sources */,
				9F8BDF42243FA1F700C51D3B /* Frameworks */,
				9F8BDF43243FA1F700C51D3B /* Resources */,
				9F8BDF5E243FA21000C51D3B /* Embed Frameworks */,
			);
			buildRules = (
			);
			dependencies = (
				9F8BDF5D243FA21000C51D3B /* PBXTargetDependency */,
			);
			name = Example;
			productName = Example;
			productReference = 9F8BDF45243FA1F700C51D3B /* Example.app */;
			productType = "com.apple.product-type.application";
		};
/* End PBXNativeTarget section */

/* Begin PBXProject section */
		9F4F1DB4243F7883001968F4 /* Project object */ = {
			isa = PBXProject;
			attributes = {
				LastSwiftUpdateCheck = 1130;
				LastUpgradeCheck = 1130;
				ORGANIZATIONNAME = "Boris Dering";
				TargetAttributes = {
					9F4F1DBC243F7883001968F4 = {
						CreatedOnToolsVersion = 11.3.1;
						LastSwiftMigration = 1130;
					};
					9F4F1DC5243F7884001968F4 = {
						CreatedOnToolsVersion = 11.3.1;
					};
					9F8BDF44243FA1F700C51D3B = {
						CreatedOnToolsVersion = 11.3.1;
					};
				};
			};
			buildConfigurationList = 9F4F1DB7243F7883001968F4 /* Build configuration list for PBXProject "MetalCamera" */;
			compatibilityVersion = "Xcode 9.3";
			developmentRegion = en;
			hasScannedForEncodings = 0;
			knownRegions = (
				en,
				Base,
			);
			mainGroup = 9F4F1DB3243F7883001968F4;
			productRefGroup = 9F4F1DBE243F7883001968F4 /* Products */;
			projectDirPath = "";
			projectRoot = "";
			targets = (
				9F4F1DBC243F7883001968F4 /* MetalCamera */,
				9F4F1DC5243F7884001968F4 /* MetalCameraTests */,
				9F8BDF44243FA1F700C51D3B /* Example */,
			);
		};
/* End PBXProject section */

/* Begin PBXResourcesBuildPhase section */
		9F4F1DBB243F7883001968F4 /* Resources */ = {
			isa = PBXResourcesBuildPhase;
			buildActionMask = 2147483647;
			files = (
			);
			runOnlyForDeploymentPostprocessing = 0;
		};
		9F4F1DC4243F7884001968F4 /* Resources */ = {
			isa = PBXResourcesBuildPhase;
			buildActionMask = 2147483647;
			files = (
			);
			runOnlyForDeploymentPostprocessing = 0;
		};
		9F8BDF43243FA1F700C51D3B /* Resources */ = {
			isa = PBXResourcesBuildPhase;
			buildActionMask = 2147483647;
			files = (
				9F8BDF54243FA1F800C51D3B /* LaunchScreen.storyboard in Resources */,
				9F8BDF51243FA1F800C51D3B /* Assets.xcassets in Resources */,
				9F8BDF4F243FA1F700C51D3B /* Main.storyboard in Resources */,
			);
			runOnlyForDeploymentPostprocessing = 0;
		};
/* End PBXResourcesBuildPhase section */

/* Begin PBXSourcesBuildPhase section */
		9F4F1DB9243F7883001968F4 /* Sources */ = {
			isa = PBXSourcesBuildPhase;
			buildActionMask = 2147483647;
			files = (
				9F8BDF60243FA23D00C51D3B /* MetalCamera.swift in Sources */,
			);
			runOnlyForDeploymentPostprocessing = 0;
		};
		9F4F1DC2243F7884001968F4 /* Sources */ = {
			isa = PBXSourcesBuildPhase;
			buildActionMask = 2147483647;
			files = (
				9F4F1DCC243F7884001968F4 /* MetalCameraTests.swift in Sources */,
			);
			runOnlyForDeploymentPostprocessing = 0;
		};
		9F8BDF41243FA1F700C51D3B /* Sources */ = {
			isa = PBXSourcesBuildPhase;
			buildActionMask = 2147483647;
			files = (
				9F8BDF4C243FA1F700C51D3B /* ViewController.swift in Sources */,
				9F8BDF48243FA1F700C51D3B /* AppDelegate.swift in Sources */,
				9F8BDF4A243FA1F700C51D3B /* SceneDelegate.swift in Sources */,
			);
			runOnlyForDeploymentPostprocessing = 0;
		};
/* End PBXSourcesBuildPhase section */

/* Begin PBXTargetDependency section */
		9F4F1DC9243F7884001968F4 /* PBXTargetDependency */ = {
			isa = PBXTargetDependency;
			target = 9F4F1DBC243F7883001968F4 /* MetalCamera */;
			targetProxy = 9F4F1DC8243F7884001968F4 /* PBXContainerItemProxy */;
		};
		9F8BDF5D243FA21000C51D3B /* PBXTargetDependency */ = {
			isa = PBXTargetDependency;
			target = 9F4F1DBC243F7883001968F4 /* MetalCamera */;
			targetProxy = 9F8BDF5C243FA21000C51D3B /* PBXContainerItemProxy */;
		};
/* End PBXTargetDependency section */

/* Begin PBXVariantGroup section */
		9F8BDF4D243FA1F700C51D3B /* Main.storyboard */ = {
			isa = PBXVariantGroup;
			children = (
				9F8BDF4E243FA1F700C51D3B /* Base */,
			);
			name = Main.storyboard;
			sourceTree = "<group>";
		};
		9F8BDF52243FA1F800C51D3B /* LaunchScreen.storyboard */ = {
			isa = PBXVariantGroup;
			children = (
				9F8BDF53243FA1F800C51D3B /* Base */,
			);
			name = LaunchScreen.storyboard;
			sourceTree = "<group>";
		};
/* End PBXVariantGroup section */

/* Begin XCBuildConfiguration section */
		9F4F1DCF243F7884001968F4 /* Debug */ = {
			isa = XCBuildConfiguration;
			buildSettings = {
				ALWAYS_SEARCH_USER_PATHS = NO;
				CLANG_ANALYZER_NONNULL = YES;
				CLANG_ANALYZER_NUMBER_OBJECT_CONVERSION = YES_AGGRESSIVE;
				CLANG_CXX_LANGUAGE_STANDARD = "gnu++14";
				CLANG_CXX_LIBRARY = "libc++";
				CLANG_ENABLE_MODULES = YES;
				CLANG_ENABLE_OBJC_ARC = YES;
				CLANG_ENABLE_OBJC_WEAK = YES;
				CLANG_WARN_BLOCK_CAPTURE_AUTORELEASING = YES;
				CLANG_WARN_BOOL_CONVERSION = YES;
				CLANG_WARN_COMMA = YES;
				CLANG_WARN_CONSTANT_CONVERSION = YES;
				CLANG_WARN_DEPRECATED_OBJC_IMPLEMENTATIONS = YES;
				CLANG_WARN_DIRECT_OBJC_ISA_USAGE = YES_ERROR;
				CLANG_WARN_DOCUMENTATION_COMMENTS = YES;
				CLANG_WARN_EMPTY_BODY = YES;
				CLANG_WARN_ENUM_CONVERSION = YES;
				CLANG_WARN_INFINITE_RECURSION = YES;
				CLANG_WARN_INT_CONVERSION = YES;
				CLANG_WARN_NON_LITERAL_NULL_CONVERSION = YES;
				CLANG_WARN_OBJC_IMPLICIT_RETAIN_SELF = YES;
				CLANG_WARN_OBJC_LITERAL_CONVERSION = YES;
				CLANG_WARN_OBJC_ROOT_CLASS = YES_ERROR;
				CLANG_WARN_RANGE_LOOP_ANALYSIS = YES;
				CLANG_WARN_STRICT_PROTOTYPES = YES;
				CLANG_WARN_SUSPICIOUS_MOVE = YES;
				CLANG_WARN_UNGUARDED_AVAILABILITY = YES_AGGRESSIVE;
				CLANG_WARN_UNREACHABLE_CODE = YES;
				CLANG_WARN__DUPLICATE_METHOD_MATCH = YES;
				COPY_PHASE_STRIP = NO;
				CURRENT_PROJECT_VERSION = 1;
				DEBUG_INFORMATION_FORMAT = dwarf;
				ENABLE_STRICT_OBJC_MSGSEND = YES;
				ENABLE_TESTABILITY = YES;
				GCC_C_LANGUAGE_STANDARD = gnu11;
				GCC_DYNAMIC_NO_PIC = NO;
				GCC_NO_COMMON_BLOCKS = YES;
				GCC_OPTIMIZATION_LEVEL = 0;
				GCC_PREPROCESSOR_DEFINITIONS = (
					"DEBUG=1",
					"$(inherited)",
				);
				GCC_WARN_64_TO_32_BIT_CONVERSION = YES;
				GCC_WARN_ABOUT_RETURN_TYPE = YES_ERROR;
				GCC_WARN_UNDECLARED_SELECTOR = YES;
				GCC_WARN_UNINITIALIZED_AUTOS = YES_AGGRESSIVE;
				GCC_WARN_UNUSED_FUNCTION = YES;
				GCC_WARN_UNUSED_VARIABLE = YES;
				IPHONEOS_DEPLOYMENT_TARGET = 13.2;
				MTL_ENABLE_DEBUG_INFO = INCLUDE_SOURCE;
				MTL_FAST_MATH = YES;
				ONLY_ACTIVE_ARCH = YES;
				SDKROOT = iphoneos;
				SWIFT_ACTIVE_COMPILATION_CONDITIONS = DEBUG;
				SWIFT_OPTIMIZATION_LEVEL = "-Onone";
				VERSIONING_SYSTEM = "apple-generic";
				VERSION_INFO_PREFIX = "";
			};
			name = Debug;
		};
		9F4F1DD0243F7884001968F4 /* Release */ = {
			isa = XCBuildConfiguration;
			buildSettings = {
				ALWAYS_SEARCH_USER_PATHS = NO;
				CLANG_ANALYZER_NONNULL = YES;
				CLANG_ANALYZER_NUMBER_OBJECT_CONVERSION = YES_AGGRESSIVE;
				CLANG_CXX_LANGUAGE_STANDARD = "gnu++14";
				CLANG_CXX_LIBRARY = "libc++";
				CLANG_ENABLE_MODULES = YES;
				CLANG_ENABLE_OBJC_ARC = YES;
				CLANG_ENABLE_OBJC_WEAK = YES;
				CLANG_WARN_BLOCK_CAPTURE_AUTORELEASING = YES;
				CLANG_WARN_BOOL_CONVERSION = YES;
				CLANG_WARN_COMMA = YES;
				CLANG_WARN_CONSTANT_CONVERSION = YES;
				CLANG_WARN_DEPRECATED_OBJC_IMPLEMENTATIONS = YES;
				CLANG_WARN_DIRECT_OBJC_ISA_USAGE = YES_ERROR;
				CLANG_WARN_DOCUMENTATION_COMMENTS = YES;
				CLANG_WARN_EMPTY_BODY = YES;
				CLANG_WARN_ENUM_CONVERSION = YES;
				CLANG_WARN_INFINITE_RECURSION = YES;
				CLANG_WARN_INT_CONVERSION = YES;
				CLANG_WARN_NON_LITERAL_NULL_CONVERSION = YES;
				CLANG_WARN_OBJC_IMPLICIT_RETAIN_SELF = YES;
				CLANG_WARN_OBJC_LITERAL_CONVERSION = YES;
				CLANG_WARN_OBJC_ROOT_CLASS = YES_ERROR;
				CLANG_WARN_RANGE_LOOP_ANALYSIS = YES;
				CLANG_WARN_STRICT_PROTOTYPES = YES;
				CLANG_WARN_SUSPICIOUS_MOVE = YES;
				CLANG_WARN_UNGUARDED_AVAILABILITY = YES_AGGRESSIVE;
				CLANG_WARN_UNREACHABLE_CODE = YES;
				CLANG_WARN__DUPLICATE_METHOD_MATCH = YES;
				COPY_PHASE_STRIP = NO;
				CURRENT_PROJECT_VERSION = 1;
				DEBUG_INFORMATION_FORMAT = "dwarf-with-dsym";
				ENABLE_NS_ASSERTIONS = NO;
				ENABLE_STRICT_OBJC_MSGSEND = YES;
				GCC_C_LANGUAGE_STANDARD = gnu11;
				GCC_NO_COMMON_BLOCKS = YES;
				GCC_WARN_64_TO_32_BIT_CONVERSION = YES;
				GCC_WARN_ABOUT_RETURN_TYPE = YES_ERROR;
				GCC_WARN_UNDECLARED_SELECTOR = YES;
				GCC_WARN_UNINITIALIZED_AUTOS = YES_AGGRESSIVE;
				GCC_WARN_UNUSED_FUNCTION = YES;
				GCC_WARN_UNUSED_VARIABLE = YES;
				IPHONEOS_DEPLOYMENT_TARGET = 13.2;
				MTL_ENABLE_DEBUG_INFO = NO;
				MTL_FAST_MATH = YES;
				SDKROOT = iphoneos;
				SWIFT_COMPILATION_MODE = wholemodule;
				SWIFT_OPTIMIZATION_LEVEL = "-O";
				VALIDATE_PRODUCT = YES;
				VERSIONING_SYSTEM = "apple-generic";
				VERSION_INFO_PREFIX = "";
			};
			name = Release;
		};
		9F4F1DD2243F7884001968F4 /* Debug */ = {
			isa = XCBuildConfiguration;
			buildSettings = {
				CLANG_ENABLE_MODULES = YES;
				CODE_SIGN_STYLE = Automatic;
				DEFINES_MODULE = YES;
				DEVELOPMENT_TEAM = XQ7SPL5S4S;
				DYLIB_COMPATIBILITY_VERSION = 1;
				DYLIB_CURRENT_VERSION = 1;
				DYLIB_INSTALL_NAME_BASE = "@rpath";
				INFOPLIST_FILE = MetalCamera/Info.plist;
				INSTALL_PATH = "$(LOCAL_LIBRARY_DIR)/Frameworks";
				LD_RUNPATH_SEARCH_PATHS = (
					"$(inherited)",
					"@executable_path/Frameworks",
					"@loader_path/Frameworks",
				);
				PRODUCT_BUNDLE_IDENTIFIER = com.borisdering.MetalCamera;
				PRODUCT_NAME = "$(TARGET_NAME:c99extidentifier)";
				SKIP_INSTALL = YES;
				SWIFT_OPTIMIZATION_LEVEL = "-Onone";
				SWIFT_VERSION = 5.0;
				TARGETED_DEVICE_FAMILY = "1,2";
			};
			name = Debug;
		};
		9F4F1DD3243F7884001968F4 /* Release */ = {
			isa = XCBuildConfiguration;
			buildSettings = {
				CLANG_ENABLE_MODULES = YES;
				CODE_SIGN_STYLE = Automatic;
				DEFINES_MODULE = YES;
				DEVELOPMENT_TEAM = XQ7SPL5S4S;
				DYLIB_COMPATIBILITY_VERSION = 1;
				DYLIB_CURRENT_VERSION = 1;
				DYLIB_INSTALL_NAME_BASE = "@rpath";
				INFOPLIST_FILE = MetalCamera/Info.plist;
				INSTALL_PATH = "$(LOCAL_LIBRARY_DIR)/Frameworks";
				LD_RUNPATH_SEARCH_PATHS = (
					"$(inherited)",
					"@executable_path/Frameworks",
					"@loader_path/Frameworks",
				);
				PRODUCT_BUNDLE_IDENTIFIER = com.borisdering.MetalCamera;
				PRODUCT_NAME = "$(TARGET_NAME:c99extidentifier)";
				SKIP_INSTALL = YES;
				SWIFT_VERSION = 5.0;
				TARGETED_DEVICE_FAMILY = "1,2";
			};
			name = Release;
		};
		9F4F1DD5243F7884001968F4 /* Debug */ = {
			isa = XCBuildConfiguration;
			buildSettings = {
				ALWAYS_EMBED_SWIFT_STANDARD_LIBRARIES = YES;
				CODE_SIGN_STYLE = Automatic;
				DEVELOPMENT_TEAM = XQ7SPL5S4S;
				INFOPLIST_FILE = MetalCameraTests/Info.plist;
				LD_RUNPATH_SEARCH_PATHS = (
					"$(inherited)",
					"@executable_path/Frameworks",
					"@loader_path/Frameworks",
				);
				PRODUCT_BUNDLE_IDENTIFIER = com.borisdering.MetalCameraTests;
				PRODUCT_NAME = "$(TARGET_NAME)";
				SWIFT_VERSION = 5.0;
				TARGETED_DEVICE_FAMILY = "1,2";
			};
			name = Debug;
		};
		9F4F1DD6243F7884001968F4 /* Release */ = {
			isa = XCBuildConfiguration;
			buildSettings = {
				ALWAYS_EMBED_SWIFT_STANDARD_LIBRARIES = YES;
				CODE_SIGN_STYLE = Automatic;
				DEVELOPMENT_TEAM = XQ7SPL5S4S;
				INFOPLIST_FILE = MetalCameraTests/Info.plist;
				LD_RUNPATH_SEARCH_PATHS = (
					"$(inherited)",
					"@executable_path/Frameworks",
					"@loader_path/Frameworks",
				);
				PRODUCT_BUNDLE_IDENTIFIER = com.borisdering.MetalCameraTests;
				PRODUCT_NAME = "$(TARGET_NAME)";
				SWIFT_VERSION = 5.0;
				TARGETED_DEVICE_FAMILY = "1,2";
			};
			name = Release;
		};
		9F8BDF56243FA1F800C51D3B /* Debug */ = {
			isa = XCBuildConfiguration;
			buildSettings = {
				ALWAYS_EMBED_SWIFT_STANDARD_LIBRARIES = YES;
				ASSETCATALOG_COMPILER_APPICON_NAME = AppIcon;
				CODE_SIGN_STYLE = Automatic;
				DEVELOPMENT_TEAM = XQ7SPL5S4S;
				INFOPLIST_FILE = Example/Info.plist;
				LD_RUNPATH_SEARCH_PATHS = (
					"$(inherited)",
					"@executable_path/Frameworks",
				);
				PRODUCT_BUNDLE_IDENTIFIER = com.borisdering.Example;
				PRODUCT_NAME = "$(TARGET_NAME)";
				SWIFT_VERSION = 5.0;
				TARGETED_DEVICE_FAMILY = "1,2";
			};
			name = Debug;
		};
		9F8BDF57243FA1F800C51D3B /* Release */ = {
			isa = XCBuildConfiguration;
			buildSettings = {
				ALWAYS_EMBED_SWIFT_STANDARD_LIBRARIES = YES;
				ASSETCATALOG_COMPILER_APPICON_NAME = AppIcon;
				CODE_SIGN_STYLE = Automatic;
				DEVELOPMENT_TEAM = XQ7SPL5S4S;
				INFOPLIST_FILE = Example/Info.plist;
				LD_RUNPATH_SEARCH_PATHS = (
					"$(inherited)",
					"@executable_path/Frameworks",
				);
				PRODUCT_BUNDLE_IDENTIFIER = com.borisdering.Example;
				PRODUCT_NAME = "$(TARGET_NAME)";
				SWIFT_VERSION = 5.0;
				TARGETED_DEVICE_FAMILY = "1,2";
			};
			name = Release;
		};
/* End XCBuildConfiguration section */

/* Begin XCConfigurationList section */
		9F4F1DB7243F7883001968F4 /* Build configuration list for PBXProject "MetalCamera" */ = {
			isa = XCConfigurationList;
			buildConfigurations = (
				9F4F1DCF243F7884001968F4 /* Debug */,
				9F4F1DD0243F7884001968F4 /* Release */,
			);
			defaultConfigurationIsVisible = 0;
			defaultConfigurationName = Release;
		};
		9F4F1DD1243F7884001968F4 /* Build configuration list for PBXNativeTarget "MetalCamera" */ = {
			isa = XCConfigurationList;
			buildConfigurations = (
				9F4F1DD2243F7884001968F4 /* Debug */,
				9F4F1DD3243F7884001968F4 /* Release */,
			);
			defaultConfigurationIsVisible = 0;
			defaultConfigurationName = Release;
		};
		9F4F1DD4243F7884001968F4 /* Build configuration list for PBXNativeTarget "MetalCameraTests" */ = {
			isa = XCConfigurationList;
			buildConfigurations = (
				9F4F1DD5243F7884001968F4 /* Debug */,
				9F4F1DD6243F7884001968F4 /* Release */,
			);
			defaultConfigurationIsVisible = 0;
			defaultConfigurationName = Release;
		};
		9F8BDF58243FA1F800C51D3B /* Build configuration list for PBXNativeTarget "Example" */ = {
			isa = XCConfigurationList;
			buildConfigurations = (
				9F8BDF56243FA1F800C51D3B /* Debug */,
				9F8BDF57243FA1F800C51D3B /* Release */,
			);
			defaultConfigurationIsVisible = 0;
			defaultConfigurationName = Release;
		};
/* End XCConfigurationList section */
	};
	rootObject = 9F4F1DB4243F7883001968F4 /* Project object */;
}
